{
  "name": "checksec-js",
  "version": "1.0.0",
  "lockfileVersion": 1,
  "requires": true,
  "dependencies": {
    "kaitai-struct": {
      "version": "0.8.0-SNAPSHOT.2",
      "resolved": "https://registry.npmjs.org/kaitai-struct/-/kaitai-struct-0.8.0-SNAPSHOT.2.tgz",
      "integrity": "sha512-om45i7aGUYCux0bPHPG2uXMBO2NV6KgV7qx/ReJU/raN6Jlaucpn05kd62Rrly9T3PUS4HUsrnF5/dx08cMPcQ=="
    }
  }
}
